
Microsoft Visual Studio Solution File, Format Version 12.00
# Visual Studio Version 16
VisualStudioVersion = 16.0.29911.84
MinimumVisualStudioVersion = 10.0.40219.1
Project("{FAE04EC0-301F-11D3-BF4B-00C04F79EFBC}") = "Sofista.Samples.IdentityServer", "Sofista.Samples.IdentityServer\Sofista.Samples.IdentityServer.csproj", "{BAEE6642-19E0-44F0-AF0E-9FFDA8B079E4}"
EndProject
Global
	GlobalSection(SolutionConfigurationPlatforms) = preSolution
		Debug|Any CPU = Debug|Any CPU
		Release|Any CPU = Release|Any CPU
	EndGlobalSection
	GlobalSection(ProjectConfigurationPlatforms) = postSolution
		{BAEE6642-19E0-44F0-AF0E-9FFDA8B079E4}.Debug|Any CPU.ActiveCfg = Debug|Any CPU
		{BAEE6642-19E0-44F0-AF0E-9FFDA8B079E4}.Debug|Any CPU.Build.0 = Debug|Any CPU
		{BAEE6642-19E0-44F0-AF0E-9FFDA8B079E4}.Release|Any CPU.ActiveCfg = Release|Any CPU
		{BAEE6642-19E0-44F0-AF0E-9FFDA8B079E4}.Release|Any CPU.Build.0 = Release|Any CPU
	EndGlobalSection
	GlobalSection(SolutionProperties) = preSolution
		HideSolutionNode = FALSE
	EndGlobalSection
	GlobalSection(ExtensibilityGlobals) = postSolution
		SolutionGuid = {D43BFC49-A0B1-4149-8FF0-71CB0A07EE02}
	EndGlobalSection
EndGlobal
